// !$*UTF8*$!
{
	archiveVersion = 1;
	classes = {
	};
	objectVersion = 77;
	objects = {

/* Begin PBXBuildFile section */
		2E6BC5A27C2460CB34C52613 /* AppSwitch.swift in Sources */ = {isa = PBXBuildFile; fileRef = 20F6CC4184B6BB1380D2DFD2 /* AppSwitch.swift */; };
		314A28DC61075C0D54D319DC /* TimelineSegment.swift in Sources */ = {isa = PBXBuildFile; fileRef = 921F8D5D54543CD193C99E34 /* TimelineSegment.swift */; };
		4A305BDABE21A7161C206A68 /* AppTrailApp.swift in Sources */ = {isa = PBXBuildFile; fileRef = 344917380DC9CF7364C6E274 /* AppTrailApp.swift */; };
		63672B9C92604688A4E8F359 /* AppTracker.swift in Sources */ = {isa = PBXBuildFile; fileRef = 0D2497AE6BBAB4209BB5E73B /* AppTracker.swift */; };
		88C8F48D207EBE5F331C6B58 /* AppDelegate.swift in Sources */ = {isa = PBXBuildFile; fileRef = C3688DFF903010173839526A /* AppDelegate.swift */; };
		9345BFFFD80F0607B051A156 /* AggregatedApp.swift in Sources */ = {isa = PBXBuildFile; fileRef = D0001083FE0897E5584751B5 /* AggregatedApp.swift */; };
		F0064EB496C2DDD9FCE1BC2C /* TimelineBarView.swift in Sources */ = {isa = PBXBuildFile; fileRef = D421A4EDB39725CB24F0E6CA /* TimelineBarView.swift */; };
		FF33E2222B4DF69048336305 /* MenuView.swift in Sources */ = {isa = PBXBuildFile; fileRef = A97EC6ABD55BDA8752B2EEE3 /* MenuView.swift */; };
/* End PBXBuildFile section */

/* Begin PBXFileReference section */
		0D2497AE6BBAB4209BB5E73B /* AppTracker.swift */ = {isa = PBXFileReference; lastKnownFileType = sourcecode.swift; path = AppTracker.swift; sourceTree = "<group>"; };
		20F6CC4184B6BB1380D2DFD2 /* AppSwitch.swift */ = {isa = PBXFileReference; lastKnownFileType = sourcecode.swift; path = AppSwitch.swift; sourceTree = "<group>"; };
		344917380DC9CF7364C6E274 /* AppTrailApp.swift */ = {isa = PBXFileReference; lastKnownFileType = sourcecode.swift; path = AppTrailApp.swift; sourceTree = "<group>"; };
		45866909043B01C993C95E66 /* AppTrail.app */ = {isa = PBXFileReference; explicitFileType = wrapper.application; includeInIndex = 0; path = AppTrail.app; sourceTree = BUILT_PRODUCTS_DIR; };
		45A32575EE013CA89A7B464E /* Info.plist */ = {isa = PBXFileReference; lastKnownFileType = text.plist; path = Info.plist; sourceTree = "<group>"; };
		921F8D5D54543CD193C99E34 /* TimelineSegment.swift */ = {isa = PBXFileReference; lastKnownFileType = sourcecode.swift; path = TimelineSegment.swift; sourceTree = "<group>"; };
		A97EC6ABD55BDA8752B2EEE3 /* MenuView.swift */ = {isa = PBXFileReference; lastKnownFileType = sourcecode.swift; path = MenuView.swift; sourceTree = "<group>"; };
		C3688DFF903010173839526A /* AppDelegate.swift */ = {isa = PBXFileReference; lastKnownFileType = sourcecode.swift; path = AppDelegate.swift; sourceTree = "<group>"; };
		D0001083FE0897E5584751B5 /* AggregatedApp.swift */ = {isa = PBXFileReference; lastKnownFileType = sourcecode.swift; path = AggregatedApp.swift; sourceTree = "<group>"; };
		D421A4EDB39725CB24F0E6CA /* TimelineBarView.swift */ = {isa = PBXFileReference; lastKnownFileType = sourcecode.swift; path = TimelineBarView.swift; sourceTree = "<group>"; };
		EABF50ECE2ABE3A07ADC2FF3 /* AppTrail.entitlements */ = {isa = PBXFileReference; lastKnownFileType = text.plist.entitlements; path = AppTrail.entitlements; sourceTree = "<group>"; };
/* End PBXFileReference section */

/* Begin PBXGroup section */
		5AA0AFAEF011774E266D802D = {
			isa = PBXGroup;
			children = (
				EE1FC511DEBE7684D1A77255 /* AppTrail */,
				85C5B09183037B54D10CCE7C /* Products */,
			);
			sourceTree = "<group>";
		};
		7D4D48C33A1A1CFC5A6EC310 /* Services */ = {
			isa = PBXGroup;
			children = (
				0D2497AE6BBAB4209BB5E73B /* AppTracker.swift */,
			);
			path = Services;
			sourceTree = "<group>";
		};
		85C5B09183037B54D10CCE7C /* Products */ = {
			isa = PBXGroup;
			children = (
				45866909043B01C993C95E66 /* AppTrail.app */,
			);
			name = Products;
			sourceTree = "<group>";
		};
		930A53384AC3E787DBCCF023 /* Models */ = {
			isa = PBXGroup;
			children = (
				D0001083FE0897E5584751B5 /* AggregatedApp.swift */,
				20F6CC4184B6BB1380D2DFD2 /* AppSwitch.swift */,
				921F8D5D54543CD193C99E34 /* TimelineSegment.swift */,
			);
			path = Models;
			sourceTree = "<group>";
		};
		C4767C8B616632E078C15449 /* Views */ = {
			isa = PBXGroup;
			children = (
				A97EC6ABD55BDA8752B2EEE3 /* MenuView.swift */,
				D421A4EDB39725CB24F0E6CA /* TimelineBarView.swift */,
			);
			path = Views;
			sourceTree = "<group>";
		};
		EE1FC511DEBE7684D1A77255 /* AppTrail */ = {
			isa = PBXGroup;
			children = (
				C3688DFF903010173839526A /* AppDelegate.swift */,
				EABF50ECE2ABE3A07ADC2FF3 /* AppTrail.entitlements */,
				344917380DC9CF7364C6E274 /* AppTrailApp.swift */,
				45A32575EE013CA89A7B464E /* Info.plist */,
				930A53384AC3E787DBCCF023 /* Models */,
				7D4D48C33A1A1CFC5A6EC310 /* Services */,
				C4767C8B616632E078C15449 /* Views */,
			);
			path = AppTrail;
			sourceTree = "<group>";
		};
/* End PBXGroup section */

/* Begin PBXNativeTarget section */
		AADBA0EC2D279BD1B810BD61 /* AppTrail */ = {
			isa = PBXNativeTarget;
			buildConfigurationList = 7210E02378C25D81B41F2D95 /* Build configuration list for PBXNativeTarget "AppTrail" */;
			buildPhases = (
				2246D60873E1E735B5009FD8 /* Sources */,
			);
			buildRules = (
			);
			dependencies = (
			);
			name = AppTrail;
			packageProductDependencies = (
			);
			productName = AppTrail;
			productReference = 45866909043B01C993C95E66 /* AppTrail.app */;
			productType = "com.apple.product-type.application";
		};
/* End PBXNativeTarget section */

/* Begin PBXProject section */
		D04FE46AE16EF3E110C18D28 /* Project object */ = {
			isa = PBXProject;
			attributes = {
				BuildIndependentTargetsInParallel = YES;
				LastUpgradeCheck = 1600;
				TargetAttributes = {
					AADBA0EC2D279BD1B810BD61 = {
						DevelopmentTeam = "";
						ProvisioningStyle = Automatic;
					};
				};
			};
			buildConfigurationList = BA1EBCCE9F915635F8A21746 /* Build configuration list for PBXProject "AppTrail" */;
			compatibilityVersion = "Xcode 14.0";
			developmentRegion = en;
			hasScannedForEncodings = 0;
			knownRegions = (
				Base,
				en,
			);
			mainGroup = 5AA0AFAEF011774E266D802D;
			minimizedProjectReferenceProxies = 1;
			preferredProjectObjectVersion = 77;
			projectDirPath = "";
			projectRoot = "";
			targets = (
				AADBA0EC2D279BD1B810BD61 /* AppTrail */,
			);
		};
/* End PBXProject section */

/* Begin PBXSourcesBuildPhase section */
		2246D60873E1E735B5009FD8 /* Sources */ = {
			isa = PBXSourcesBuildPhase;
			buildActionMask = 2147483647;
			files = (
				9345BFFFD80F0607B051A156 /* AggregatedApp.swift in Sources */,
				88C8F48D207EBE5F331C6B58 /* AppDelegate.swift in Sources */,
				2E6BC5A27C2460CB34C52613 /* AppSwitch.swift in Sources */,
				63672B9C92604688A4E8F359 /* AppTracker.swift in Sources */,
				4A305BDABE21A7161C206A68 /* AppTrailApp.swift in Sources */,
				FF33E2222B4DF69048336305 /* MenuView.swift in Sources */,
				F0064EB496C2DDD9FCE1BC2C /* TimelineBarView.swift in Sources */,
				314A28DC61075C0D54D319DC /* TimelineSegment.swift in Sources */,
			);
			runOnlyForDeploymentPostprocessing = 0;
		};
/* End PBXSourcesBuildPhase section */

/* Begin XCBuildConfiguration section */
		2C4EDF2F0042D51E6C15218C /* Release */ = {
			isa = XCBuildConfiguration;
			buildSettings = {
				ALWAYS_SEARCH_USER_PATHS = NO;
				CLANG_ANALYZER_NONNULL = YES;
				CLANG_ANALYZER_NUMBER_OBJECT_CONVERSION = YES_AGGRESSIVE;
				CLANG_CXX_LANGUAGE_STANDARD = "gnu++14";
				CLANG_CXX_LIBRARY = "libc++";
				CLANG_ENABLE_MODULES = YES;
				CLANG_ENABLE_OBJC_ARC = YES;
				CLANG_ENABLE_OBJC_WEAK = YES;
				CLANG_WARN_BLOCK_CAPTURE_AUTORELEASING = YES;
				CLANG_WARN_BOOL_CONVERSION = YES;
				CLANG_WARN_COMMA = YES;
				CLANG_WARN_CONSTANT_CONVERSION = YES;
				CLANG_WARN_DEPRECATED_OBJC_IMPLEMENTATIONS = YES;
				CLANG_WARN_DIRECT_OBJC_ISA_USAGE = YES_ERROR;
				CLANG_WARN_DOCUMENTATION_COMMENTS = YES;
				CLANG_WARN_EMPTY_BODY = YES;
				CLANG_WARN_ENUM_CONVERSION = YES;
				CLANG_WARN_INFINITE_RECURSION = YES;
				CLANG_WARN_INT_CONVERSION = YES;
				CLANG_WARN_NON_LITERAL_NULL_CONVERSION = YES;
				CLANG_WARN_OBJC_IMPLICIT_RETAIN_SELF = YES;
				CLANG_WARN_OBJC_LITERAL_CONVERSION = YES;
				CLANG_WARN_OBJC_ROOT_CLASS = YES_ERROR;
				CLANG_WARN_QUOTED_INCLUDE_IN_FRAMEWORK_HEADER = YES;
				CLANG_WARN_RANGE_LOOP_ANALYSIS = YES;
				CLANG_WARN_STRICT_PROTOTYPES = YES;
				CLANG_WARN_SUSPICIOUS_MOVE = YES;
				CLANG_WARN_UNGUARDED_AVAILABILITY = YES_AGGRESSIVE;
				CLANG_WARN_UNREACHABLE_CODE = YES;
				CLANG_WARN__DUPLICATE_METHOD_MATCH = YES;
				COPY_PHASE_STRIP = NO;
				DEBUG_INFORMATION_FORMAT = "dwarf-with-dsym";
				ENABLE_NS_ASSERTIONS = NO;
				ENABLE_STRICT_OBJC_MSGSEND = YES;
				GCC_C_LANGUAGE_STANDARD = gnu11;
				GCC_NO_COMMON_BLOCKS = YES;
				GCC_WARN_64_TO_32_BIT_CONVERSION = YES;
				GCC_WARN_ABOUT_RETURN_TYPE = YES_ERROR;
				GCC_WARN_UNDECLARED_SELECTOR = YES;
				GCC_WARN_UNINITIALIZED_AUTOS = YES_AGGRESSIVE;
				GCC_WARN_UNUSED_FUNCTION = YES;
				GCC_WARN_UNUSED_VARIABLE = YES;
				MACOSX_DEPLOYMENT_TARGET = 14.0;
				MTL_ENABLE_DEBUG_INFO = NO;
				MTL_FAST_MATH = YES;
				PRODUCT_NAME = "$(TARGET_NAME)";
				SDKROOT = macosx;
				SWIFT_COMPILATION_MODE = wholemodule;
				SWIFT_OPTIMIZATION_LEVEL = "-O";
				SWIFT_VERSION = 5.9;
			};
			name = Release;
		};
		787BC9D7BBEA37A34791B5BF /* Release */ = {
			isa = XCBuildConfiguration;
			buildSettings = {
				ASSETCATALOG_COMPILER_APPICON_NAME = AppIcon;
				CODE_SIGN_ENTITLEMENTS = AppTrail/AppTrail.entitlements;
				CODE_SIGN_IDENTITY = "-";
				CODE_SIGN_STYLE = Automatic;
				COMBINE_HIDPI_IMAGES = YES;
				DEVELOPMENT_TEAM = "";
				ENABLE_HARDENED_RUNTIME = NO;
				INFOPLIST_FILE = AppTrail/Info.plist;
				LD_RUNPATH_SEARCH_PATHS = (
					"$(inherited)",
					"@executable_path/../Frameworks",
				);
				PRODUCT_BUNDLE_IDENTIFIER = com.yash.AppTrail;
				PRODUCT_NAME = AppTrail;
				SDKROOT = macosx;
			};
			name = Release;
		};
		8EA60EF8CFDB6A7F55192386 /* Debug */ = {
			isa = XCBuildConfiguration;
			buildSettings = {
				ASSETCATALOG_COMPILER_APPICON_NAME = AppIcon;
				CODE_SIGN_ENTITLEMENTS = AppTrail/AppTrail.entitlements;
				CODE_SIGN_IDENTITY = "-";
				CODE_SIGN_STYLE = Automatic;
				COMBINE_HIDPI_IMAGES = YES;
				DEVELOPMENT_TEAM = "";
				ENABLE_HARDENED_RUNTIME = NO;
				INFOPLIST_FILE = AppTrail/Info.plist;
				LD_RUNPATH_SEARCH_PATHS = (
					"$(inherited)",
					"@executable_path/../Frameworks",
				);
				PRODUCT_BUNDLE_IDENTIFIER = com.yash.AppTrail;
				PRODUCT_NAME = AppTrail;
				SDKROOT = macosx;
			};
			name = Debug;
		};
		F3946B4C3E884850E1A3B269 /* Debug */ = {
			isa = XCBuildConfiguration;
			buildSettings = {
				ALWAYS_SEARCH_USER_PATHS = NO;
				CLANG_ANALYZER_NONNULL = YES;
				CLANG_ANALYZER_NUMBER_OBJECT_CONVERSION = YES_AGGRESSIVE;
				CLANG_CXX_LANGUAGE_STANDARD = "gnu++14";
				CLANG_CXX_LIBRARY = "libc++";
				CLANG_ENABLE_MODULES = YES;
				CLANG_ENABLE_OBJC_ARC = YES;
				CLANG_ENABLE_OBJC_WEAK = YES;
				CLANG_WARN_BLOCK_CAPTURE_AUTORELEASING = YES;
				CLANG_WARN_BOOL_CONVERSION = YES;
				CLANG_WARN_COMMA = YES;
				CLANG_WARN_CONSTANT_CONVERSION = YES;
				CLANG_WARN_DEPRECATED_OBJC_IMPLEMENTATIONS = YES;
				CLANG_WARN_DIRECT_OBJC_ISA_USAGE = YES_ERROR;
				CLANG_WARN_DOCUMENTATION_COMMENTS = YES;
				CLANG_WARN_EMPTY_BODY = YES;
				CLANG_WARN_ENUM_CONVERSION = YES;
				CLANG_WARN_INFINITE_RECURSION = YES;
				CLANG_WARN_INT_CONVERSION = YES;
				CLANG_WARN_NON_LITERAL_NULL_CONVERSION = YES;
				CLANG_WARN_OBJC_IMPLICIT_RETAIN_SELF = YES;
				CLANG_WARN_OBJC_LITERAL_CONVERSION = YES;
				CLANG_WARN_OBJC_ROOT_CLASS = YES_ERROR;
				CLANG_WARN_QUOTED_INCLUDE_IN_FRAMEWORK_HEADER = YES;
				CLANG_WARN_RANGE_LOOP_ANALYSIS = YES;
				CLANG_WARN_STRICT_PROTOTYPES = YES;
				CLANG_WARN_SUSPICIOUS_MOVE = YES;
				CLANG_WARN_UNGUARDED_AVAILABILITY = YES_AGGRESSIVE;
				CLANG_WARN_UNREACHABLE_CODE = YES;
				CLANG_WARN__DUPLICATE_METHOD_MATCH = YES;
				COPY_PHASE_STRIP = NO;
				DEBUG_INFORMATION_FORMAT = dwarf;
				ENABLE_STRICT_OBJC_MSGSEND = YES;
				ENABLE_TESTABILITY = YES;
				GCC_C_LANGUAGE_STANDARD = gnu11;
				GCC_DYNAMIC_NO_PIC = NO;
				GCC_NO_COMMON_BLOCKS = YES;
				GCC_OPTIMIZATION_LEVEL = 0;
				GCC_PREPROCESSOR_DEFINITIONS = (
					"$(inherited)",
					"DEBUG=1",
				);
				GCC_WARN_64_TO_32_BIT_CONVERSION = YES;
				GCC_WARN_ABOUT_RETURN_TYPE = YES_ERROR;
				GCC_WARN_UNDECLARED_SELECTOR = YES;
				GCC_WARN_UNINITIALIZED_AUTOS = YES_AGGRESSIVE;
				GCC_WARN_UNUSED_FUNCTION = YES;
				GCC_WARN_UNUSED_VARIABLE = YES;
				MACOSX_DEPLOYMENT_TARGET = 14.0;
				MTL_ENABLE_DEBUG_INFO = INCLUDE_SOURCE;
				MTL_FAST_MATH = YES;
				ONLY_ACTIVE_ARCH = YES;
				PRODUCT_NAME = "$(TARGET_NAME)";
				SDKROOT = macosx;
				SWIFT_ACTIVE_COMPILATION_CONDITIONS = DEBUG;
				SWIFT_OPTIMIZATION_LEVEL = "-Onone";
				SWIFT_VERSION = 5.9;
			};
			name = Debug;
		};
/* End XCBuildConfiguration section */

/* Begin XCConfigurationList section */
		7210E02378C25D81B41F2D95 /* Build configuration list for PBXNativeTarget "AppTrail" */ = {
			isa = XCConfigurationList;
			buildConfigurations = (
				8EA60EF8CFDB6A7F55192386 /* Debug */,
				787BC9D7BBEA37A34791B5BF /* Release */,
			);
			defaultConfigurationIsVisible = 0;
			defaultConfigurationName = Debug;
		};
		BA1EBCCE9F915635F8A21746 /* Build configuration list for PBXProject "AppTrail" */ = {
			isa = XCConfigurationList;
			buildConfigurations = (
				F3946B4C3E884850E1A3B269 /* Debug */,
				2C4EDF2F0042D51E6C15218C /* Release */,
			);
			defaultConfigurationIsVisible = 0;
			defaultConfigurationName = Debug;
		};
/* End XCConfigurationList section */
	};
	rootObject = D04FE46AE16EF3E110C18D28 /* Project object */;
}
